<?xml version="1.0" encoding="utf-8"?>
<Project ToolsVersion="4.0" xmlns="http://schemas.microsoft.com/developer/msbuild/2003">
  <ItemGroup>
    <Filter Include="Source Files">
      <UniqueIdentifier>{e6b13b4e-ba26-4017-a15b-549306824016}</UniqueIdentifier>
      <Extensions>cpp;c;cxx;rc;def;r;odl;idl;hpj;bat</Extensions>
    </Filter>
    <Filter Include="Header Files">
      <UniqueIdentifier>{5da809e3-ad52-4600-a5a7-e5af31e50b56}</UniqueIdentifier>
      <Extensions>h;hpp;hxx;hm;inl</Extensions>
    </Filter>
    <Filter Include="Resource Files">
      <UniqueIdentifier>{4d9f703e-f851-4ad2-a3f5-79220a02b078}</UniqueIdentifier>
      <Extensions>ico;cur;bmp;dlg;rc2;rct;bin;rgs;gif;jpg;jpeg;jpe</Extensions>
    </Filter>
  </ItemGroup>
  <ItemGroup>
    <ClCompile Include="..\myCpp\FileDialogEx.cpp">
      <Filter>Source Files</Filter>
    </ClCompile>
    <ClCompile Include="GargamelSplit.cpp">
      <Filter>Source Files</Filter>
    </ClCompile>
    <ClCompile Include="GargamelSplitCtl.cpp">
      <Filter>Source Files</Filter>
    </ClCompile>
    <ClCompile Include="GargamelSplitDialog.cpp">
      <Filter>Source Files</Filter>
    </ClCompile>
    <ClCompile Include="GargamelSplitPpg.cpp">
      <Filter>Source Files</Filter>
    </ClCompile>
    <ClCompile Include="..\Anyfind\guids2.cpp">
      <Filter>Source Files</Filter>
    </ClCompile>
    <ClCompile Include="..\myCpp\ListBoxEx.cpp">
      <Filter>Source Files</Filter>
    </ClCompile>
    <ClCompile Include="StdAfx.cpp">
      <Filter>Source Files</Filter>
    </ClCompile>
    <ClCompile Include="..\myCpp\Token.cpp">
      <Filter>Source Files</Filter>
    </ClCompile>
    <ClCompile Include="WriteFileListToSynchronize.cpp">
      <Filter>Source Files</Filter>
    </ClCompile>
  </ItemGroup>
  <ItemGroup>
    <Midl Include="GargamelSplit.odl">
      <Filter>Source Files</Filter>
    </Midl>
  </ItemGroup>
  <ItemGroup>
    <ResourceCompile Include="GargamelSplit.rc">
      <Filter>Source Files</Filter>
    </ResourceCompile>
  </ItemGroup>
  <ItemGroup>
    <ClInclude Include="..\DialogAggregate\DialogAggregate.h">
      <Filter>Header Files</Filter>
    </ClInclude>
    <ClInclude Include="..\myCpp\FileDialogEx.h">
      <Filter>Header Files</Filter>
    </ClInclude>
    <ClInclude Include="GargamelSplit.h">
      <Filter>Header Files</Filter>
    </ClInclude>
    <ClInclude Include="GargamelSplitCtl.h">
      <Filter>Header Files</Filter>
    </ClInclude>
    <ClInclude Include="GargamelSplitDialog.h">
      <Filter>Header Files</Filter>
    </ClInclude>
    <ClInclude Include="GargamelSplitPpg.h">
      <Filter>Header Files</Filter>
    </ClInclude>
    <ClInclude Include="..\Anyfind\Iface.h">
      <Filter>Header Files</Filter>
    </ClInclude>
    <ClInclude Include="..\myCpp\ListBoxEx.h">
      <Filter>Header Files</Filter>
    </ClInclude>
    <ClInclude Include="Resource.h">
      <Filter>Header Files</Filter>
    </ClInclude>
    <ClInclude Include="StdAfx.h">
      <Filter>Header Files</Filter>
    </ClInclude>
    <ClInclude Include="..\myCpp\Token.h">
      <Filter>Header Files</Filter>
    </ClInclude>
    <ClInclude Include="WriteFileListToSynchronize.h">
      <Filter>Header Files</Filter>
    </ClInclude>
  </ItemGroup>
  <ItemGroup>
    <Image Include="bitmap1.bmp">
      <Filter>Resource Files</Filter>
    </Image>
    <Image Include="GargamelSplit.ico">
      <Filter>Resource Files</Filter>
    </Image>
    <Image Include="GargamelSplitCtl.bmp">
      <Filter>Resource Files</Filter>
    </Image>
  </ItemGroup>
  <ItemGroup>
    <Text Include="ReadMe.txt" />
  </ItemGroup>
  <ItemGroup>
    <CustomBuild Include="GargamelSplit.def">
      <Filter>Source Files</Filter>
    </CustomBuild>
  </ItemGroup>
</Project>