<?xml version="1.0" encoding="utf-8"?>
<Project ToolsVersion="4.0" xmlns="http://schemas.microsoft.com/developer/msbuild/2003">
  <ItemGroup>
    <Filter Include="Source Files">
      <UniqueIdentifier>{9ff87d86-1f81-4e1a-bd49-27afce100de2}</UniqueIdentifier>
      <Extensions>cpp;c;cxx;rc;def;r;odl;idl;hpj;bat</Extensions>
    </Filter>
    <Filter Include="Header Files">
      <UniqueIdentifier>{f74cb59a-8f90-4806-924f-32cd3f7a4bb9}</UniqueIdentifier>
      <Extensions>h;hpp;hxx;hm;inl</Extensions>
    </Filter>
    <Filter Include="Resource Files">
      <UniqueIdentifier>{877a0da2-6da9-49d0-822e-c33b2483999b}</UniqueIdentifier>
      <Extensions>ico;cur;bmp;dlg;rc2;rct;bin;rgs;gif;jpg;jpeg;jpe</Extensions>
    </Filter>
  </ItemGroup>
  <ItemGroup>
    <ClCompile Include="..\myCpp\FileDialogEx.cpp">
      <Filter>Source Files</Filter>
    </ClCompile>
    <ClCompile Include="GargamelPattern.cpp">
      <Filter>Source Files</Filter>
    </ClCompile>
    <ClCompile Include="GargamelPatternCtl.cpp">
      <Filter>Source Files</Filter>
    </ClCompile>
    <ClCompile Include="GargamelPatternPpg.cpp">
      <Filter>Source Files</Filter>
    </ClCompile>
    <ClCompile Include="GargamelPatternSuperseding.cpp">
      <Filter>Source Files</Filter>
    </ClCompile>
    <ClCompile Include="GargamelPatternWizard.cpp">
      <Filter>Source Files</Filter>
    </ClCompile>
    <ClCompile Include="..\Anyfind\guids2.cpp">
      <Filter>Source Files</Filter>
    </ClCompile>
    <ClCompile Include="ListCtrlEx1.cpp">
      <Filter>Source Files</Filter>
    </ClCompile>
    <ClCompile Include="StdAfx.cpp">
      <Filter>Source Files</Filter>
    </ClCompile>
    <ClCompile Include="..\myCpp\Token.cpp">
      <Filter>Source Files</Filter>
    </ClCompile>
  </ItemGroup>
  <ItemGroup>
    <Midl Include="GargamelPattern.odl">
      <Filter>Source Files</Filter>
    </Midl>
  </ItemGroup>
  <ItemGroup>
    <ResourceCompile Include="GargamelPattern.rc">
      <Filter>Source Files</Filter>
    </ResourceCompile>
  </ItemGroup>
  <ItemGroup>
    <ClInclude Include="GargamelPattern.h">
      <Filter>Header Files</Filter>
    </ClInclude>
    <ClInclude Include="GargamelPatternCtl.h">
      <Filter>Header Files</Filter>
    </ClInclude>
    <ClInclude Include="GargamelPatternPpg.h">
      <Filter>Header Files</Filter>
    </ClInclude>
    <ClInclude Include="GargamelPatternSuperseding.h">
      <Filter>Header Files</Filter>
    </ClInclude>
    <ClInclude Include="GargamelPatternWizard.h">
      <Filter>Header Files</Filter>
    </ClInclude>
    <ClInclude Include="ListCtrlEx1.h">
      <Filter>Header Files</Filter>
    </ClInclude>
    <ClInclude Include="Resource.h">
      <Filter>Header Files</Filter>
    </ClInclude>
    <ClInclude Include="StdAfx.h">
      <Filter>Header Files</Filter>
    </ClInclude>
    <ClInclude Include="..\myCpp\Token.h">
      <Filter>Header Files</Filter>
    </ClInclude>
  </ItemGroup>
  <ItemGroup>
    <Image Include="GargamelPattern.ico">
      <Filter>Resource Files</Filter>
    </Image>
    <Image Include="GargamelPatternCtl.bmp">
      <Filter>Resource Files</Filter>
    </Image>
  </ItemGroup>
  <ItemGroup>
    <Text Include="ReadMe.txt" />
  </ItemGroup>
  <ItemGroup>
    <CustomBuild Include="GargamelPattern.def">
      <Filter>Source Files</Filter>
    </CustomBuild>
  </ItemGroup>
</Project>