<?xml version="1.0" encoding="utf-8"?>
<Project ToolsVersion="4.0" xmlns="http://schemas.microsoft.com/developer/msbuild/2003">
  <ItemGroup>
    <Filter Include="Source Files">
      <UniqueIdentifier>{8ba015c4-9c5c-43a4-971d-c488de1eea09}</UniqueIdentifier>
      <Extensions>cpp;c;cxx;rc;def;r;odl;idl;hpj;bat</Extensions>
    </Filter>
    <Filter Include="Header Files">
      <UniqueIdentifier>{5b5fb109-d2e5-49f8-aaa4-183b4245aefd}</UniqueIdentifier>
      <Extensions>h;hpp;hxx;hm;inl</Extensions>
    </Filter>
    <Filter Include="Resource Files">
      <UniqueIdentifier>{0d963d18-5907-476e-a033-b5f7532ecb74}</UniqueIdentifier>
      <Extensions>ico;cur;bmp;dlg;rc2;rct;bin;rgs;gif;jpg;jpeg;jpe</Extensions>
    </Filter>
  </ItemGroup>
  <ItemGroup>
    <ClCompile Include="Execute.cpp">
      <Filter>Source Files</Filter>
    </ClCompile>
    <ClCompile Include="..\myCpp\FileDialogEx.cpp">
      <Filter>Source Files</Filter>
    </ClCompile>
    <ClCompile Include="Gargamel.cpp">
      <Filter>Source Files</Filter>
    </ClCompile>
    <ClCompile Include="GargamelDlg.cpp">
      <Filter>Source Files</Filter>
    </ClCompile>
    <ClCompile Include="GargamelPatternForMatrixFrameDialog.cpp">
      <Filter>Source Files</Filter>
    </ClCompile>
    <ClCompile Include="GargamelPatternForMatrixOcx.cpp">
      <Filter>Source Files</Filter>
    </ClCompile>
    <ClCompile Include="GargamelPatternFrameDialog.cpp">
      <Filter>Source Files</Filter>
    </ClCompile>
    <ClCompile Include="GargamelSplitFrameDialog.cpp">
      <Filter>Source Files</Filter>
    </ClCompile>
    <ClCompile Include="GargamelSplitOcx.cpp">
      <Filter>Source Files</Filter>
    </ClCompile>
    <ClCompile Include="GargamelTabCtrl.cpp">
      <Filter>Source Files</Filter>
    </ClCompile>
    <ClCompile Include="..\Anyfind\guids.cpp">
      <Filter>Source Files</Filter>
    </ClCompile>
    <ClCompile Include="StdAfx.cpp">
      <Filter>Source Files</Filter>
    </ClCompile>
    <ClCompile Include="..\myCpp\TextProgressCtrl.cpp">
      <Filter>Source Files</Filter>
    </ClCompile>
    <ClCompile Include="..\myCpp\Token.cpp">
      <Filter>Source Files</Filter>
    </ClCompile>
  </ItemGroup>
  <ItemGroup>
    <ResourceCompile Include="Gargamel.rc">
      <Filter>Source Files</Filter>
    </ResourceCompile>
  </ItemGroup>
  <ItemGroup>
    <ClInclude Include="Execute.h">
      <Filter>Header Files</Filter>
    </ClInclude>
    <ClInclude Include="..\myCpp\FileDialogEx.h">
      <Filter>Header Files</Filter>
    </ClInclude>
    <ClInclude Include="Gargamel.h">
      <Filter>Header Files</Filter>
    </ClInclude>
    <ClInclude Include="GargamelDlg.h">
      <Filter>Header Files</Filter>
    </ClInclude>
    <ClInclude Include="GargamelPatternForMatrixFrameDialog.h">
      <Filter>Header Files</Filter>
    </ClInclude>
    <ClInclude Include="gargamelpatternformatrixocx.h">
      <Filter>Header Files</Filter>
    </ClInclude>
    <ClInclude Include="GargamelPatternFrameDialog.h">
      <Filter>Header Files</Filter>
    </ClInclude>
    <ClInclude Include="GargamelSplitFrameDialog.h">
      <Filter>Header Files</Filter>
    </ClInclude>
    <ClInclude Include="GargamelSplitOcx.h">
      <Filter>Header Files</Filter>
    </ClInclude>
    <ClInclude Include="GargamelTabCtrl.h">
      <Filter>Header Files</Filter>
    </ClInclude>
    <ClInclude Include="..\Anyfind\Iface.h">
      <Filter>Header Files</Filter>
    </ClInclude>
    <ClInclude Include="Resource.h">
      <Filter>Header Files</Filter>
    </ClInclude>
    <ClInclude Include="StdAfx.h">
      <Filter>Header Files</Filter>
    </ClInclude>
    <ClInclude Include="..\myCpp\TextProgressCtrl.h">
      <Filter>Header Files</Filter>
    </ClInclude>
    <ClInclude Include="..\myCpp\Token.h">
      <Filter>Header Files</Filter>
    </ClInclude>
  </ItemGroup>
  <ItemGroup>
    <Image Include="res\Gargamel.ico">
      <Filter>Resource Files</Filter>
    </Image>
    <Image Include="res\proverb.bmp">
      <Filter>Resource Files</Filter>
    </Image>
    <Image Include="res\proverb1.bmp">
      <Filter>Resource Files</Filter>
    </Image>
  </ItemGroup>
  <ItemGroup>
    <Text Include="ReadMe.txt" />
  </ItemGroup>
  <ItemGroup>
    <CustomBuild Include="res\Gargamel.rc2">
      <Filter>Resource Files</Filter>
    </CustomBuild>
  </ItemGroup>
</Project>