<?xml version="1.0" encoding="utf-8"?>
<Project ToolsVersion="4.0" xmlns="http://schemas.microsoft.com/developer/msbuild/2003">
  <ItemGroup>
    <Filter Include="Source Files">
      <UniqueIdentifier>{71ce5eba-3ecb-4422-adb5-e2b360dd6a99}</UniqueIdentifier>
      <Extensions>cpp;c;cxx;rc;def;r;odl;idl;hpj;bat</Extensions>
    </Filter>
    <Filter Include="Header Files">
      <UniqueIdentifier>{0cce41c5-e47f-4a68-9fa7-e52a0defb5bd}</UniqueIdentifier>
      <Extensions>h;hpp;hxx;hm;inl</Extensions>
    </Filter>
    <Filter Include="Resource Files">
      <UniqueIdentifier>{1fc9cda7-1fb8-41dd-890a-443c22a2c1a2}</UniqueIdentifier>
      <Extensions>ico;cur;bmp;dlg;rc2;rct;bin;rgs;gif;jpg;jpeg;jpe</Extensions>
    </Filter>
  </ItemGroup>
  <ItemGroup>
    <ClCompile Include="GargamelPatternForMatrix.cpp">
      <Filter>Source Files</Filter>
    </ClCompile>
    <ClCompile Include="GargamelPatternForMatrixCtl.cpp">
      <Filter>Source Files</Filter>
    </ClCompile>
    <ClCompile Include="GargamelPatternForMatrixDialog.cpp">
      <Filter>Source Files</Filter>
    </ClCompile>
    <ClCompile Include="GargamelPatternForMatrixPpg.cpp">
      <Filter>Source Files</Filter>
    </ClCompile>
    <ClCompile Include="StdAfx.cpp">
      <Filter>Source Files</Filter>
    </ClCompile>
    <ClCompile Include="..\myCpp\Token.cpp">
      <Filter>Source Files</Filter>
    </ClCompile>
  </ItemGroup>
  <ItemGroup>
    <Midl Include="GargamelPatternForMatrix.odl">
      <Filter>Source Files</Filter>
    </Midl>
  </ItemGroup>
  <ItemGroup>
    <ResourceCompile Include="GargamelPatternForMatrix.rc">
      <Filter>Source Files</Filter>
    </ResourceCompile>
  </ItemGroup>
  <ItemGroup>
    <ClInclude Include="GargamelPatternForMatrix.h">
      <Filter>Header Files</Filter>
    </ClInclude>
    <ClInclude Include="GargamelPatternForMatrixCtl.h">
      <Filter>Header Files</Filter>
    </ClInclude>
    <ClInclude Include="GargamelPatternForMatrixDialog.h">
      <Filter>Header Files</Filter>
    </ClInclude>
    <ClInclude Include="GargamelPatternForMatrixPpg.h">
      <Filter>Header Files</Filter>
    </ClInclude>
    <ClInclude Include="Resource.h">
      <Filter>Header Files</Filter>
    </ClInclude>
    <ClInclude Include="StdAfx.h">
      <Filter>Header Files</Filter>
    </ClInclude>
    <ClInclude Include="..\myCpp\Token.h">
      <Filter>Header Files</Filter>
    </ClInclude>
  </ItemGroup>
  <ItemGroup>
    <Image Include="GargamelPatternForMatrix.ico">
      <Filter>Resource Files</Filter>
    </Image>
    <Image Include="GargamelPatternForMatrixCtl.bmp">
      <Filter>Resource Files</Filter>
    </Image>
  </ItemGroup>
  <ItemGroup>
    <Text Include="ReadMe.txt" />
  </ItemGroup>
  <ItemGroup>
    <CustomBuild Include="GargamelPatternForMatrix.def">
      <Filter>Source Files</Filter>
    </CustomBuild>
  </ItemGroup>
</Project>